# This file is autogenerated, do not edit; changes may be undone by the next 'dep ensure'.


[[projects]]
  digest = "1:447ab23604df9681aabfc6e48dbded59cb933b6eb4224e64d9d037318534b1bd"
  name = "github.com/pkg/profile"
  packages = ["."]
  pruneopts = "UT"
  revision = "f6fe06335df110bcf1ed6d4e852b760bfc15beee"
  version = "v1.3.0"

[solve-meta]
  analyzer-name = "dep"
  analyzer-version = 1
  input-imports = ["github.com/pkg/profile"]
  solver-name = "gps-cdcl"
  solver-version = 1
